// !$*UTF8*$!
{
	archiveVersion = 1;
	classes = {
	};
	objectVersion = 46;
	objects = {

/* Begin PBXBuildFile section */
		8E0E5E783B9B8FF757319E16 /* Pods_MyMovies.framework in Frameworks */ = {isa = PBXBuildFile; fileRef = DBDC7722F14C208780DD1715 /* Pods_MyMovies.framework */; };
		977F8C601E53FFA900C4FEA1 /* ApperanceHelper+Colors.swift in Sources */ = {isa = PBXBuildFile; fileRef = 977F8C5F1E53FFA900C4FEA1 /* ApperanceHelper+Colors.swift */; };
		97D5562D1E4D661C00EAE6B0 /* Networking.swift in Sources */ = {isa = PBXBuildFile; fileRef = 97D5562C1E4D661C00EAE6B0 /* Networking.swift */; };
		97D556381E4E7ABD00EAE6B0 /* Movie.json in Resources */ = {isa = PBXBuildFile; fileRef = 97D556371E4E7ABD00EAE6B0 /* Movie.json */; };
		97D5563C1E4E933C00EAE6B0 /* MovieTableDatasource.swift in Sources */ = {isa = PBXBuildFile; fileRef = 97D5563B1E4E933C00EAE6B0 /* MovieTableDatasource.swift */; };
		97D556411E4E983F00EAE6B0 /* Storyboard.swift in Sources */ = {isa = PBXBuildFile; fileRef = 97D556401E4E983F00EAE6B0 /* Storyboard.swift */; };
		97D556431E4E988200EAE6B0 /* MovieViewCell.swift in Sources */ = {isa = PBXBuildFile; fileRef = 97D556421E4E988200EAE6B0 /* MovieViewCell.swift */; };
		97D556461E4E98AF00EAE6B0 /* MovieViewCell.xib in Resources */ = {isa = PBXBuildFile; fileRef = 97D556451E4E98AF00EAE6B0 /* MovieViewCell.xib */; };
		97D556481E4E9C0C00EAE6B0 /* UIImage+Kingfisher.swift in Sources */ = {isa = PBXBuildFile; fileRef = 97D556471E4E9C0C00EAE6B0 /* UIImage+Kingfisher.swift */; };
		97D5564A1E4E9FE900EAE6B0 /* MovieViewController.swift in Sources */ = {isa = PBXBuildFile; fileRef = 97D556491E4E9FE900EAE6B0 /* MovieViewController.swift */; };
		97D5564D1E4EA36300EAE6B0 /* MovieNetworkModel.swift in Sources */ = {isa = PBXBuildFile; fileRef = 97D5564C1E4EA36300EAE6B0 /* MovieNetworkModel.swift */; };
		97EC6A5E1E4F727800C1C358 /* MovieAPI.swift in Sources */ = {isa = PBXBuildFile; fileRef = 97EC6A5D1E4F727800C1C358 /* MovieAPI.swift */; };
		97EC6A621E4F8F6700C1C358 /* MovieDataManager.swift in Sources */ = {isa = PBXBuildFile; fileRef = 97EC6A611E4F8F6700C1C358 /* MovieDataManager.swift */; };
		97EC6A671E50B05D00C1C358 /* MyMovies.xcdatamodeld in Sources */ = {isa = PBXBuildFile; fileRef = 97EC6A651E50B05D00C1C358 /* MyMovies.xcdatamodeld */; };
		97EC6A771E53710000C1C358 /* MovieModel.swift in Sources */ = {isa = PBXBuildFile; fileRef = 97EC6A761E53710000C1C358 /* MovieModel.swift */; };
		97ED94451E4AADB300E610E0 /* AppDelegate.swift in Sources */ = {isa = PBXBuildFile; fileRef = 97ED94441E4AADB300E610E0 /* AppDelegate.swift */; };
		97ED944A1E4AADB300E610E0 /* Main.storyboard in Resources */ = {isa = PBXBuildFile; fileRef = 97ED94481E4AADB300E610E0 /* Main.storyboard */; };
		97ED944F1E4AADB400E610E0 /* Assets.xcassets in Resources */ = {isa = PBXBuildFile; fileRef = 97ED944E1E4AADB400E610E0 /* Assets.xcassets */; };
		97ED94521E4AADB400E610E0 /* LaunchScreen.storyboard in Resources */ = {isa = PBXBuildFile; fileRef = 97ED94501E4AADB400E610E0 /* LaunchScreen.storyboard */; };
		97ED945E1E4AAE7B00E610E0 /* MoviesViewController.swift in Sources */ = {isa = PBXBuildFile; fileRef = 97ED945D1E4AAE7B00E610E0 /* MoviesViewController.swift */; };
		97ED94601E4AAF7F00E610E0 /* MoviesTableViewDataSource.swift in Sources */ = {isa = PBXBuildFile; fileRef = 97ED945F1E4AAF7F00E610E0 /* MoviesTableViewDataSource.swift */; };
/* End PBXBuildFile section */

/* Begin PBXFileReference section */
		977F8C5F1E53FFA900C4FEA1 /* ApperanceHelper+Colors.swift */ = {isa = PBXFileReference; fileEncoding = 4; lastKnownFileType = sourcecode.swift; path = "ApperanceHelper+Colors.swift"; sourceTree = "<group>"; };
		97D5562C1E4D661C00EAE6B0 /* Networking.swift */ = {isa = PBXFileReference; fileEncoding = 4; lastKnownFileType = sourcecode.swift; path = Networking.swift; sourceTree = "<group>"; };
		97D556371E4E7ABD00EAE6B0 /* Movie.json */ = {isa = PBXFileReference; fileEncoding = 4; lastKnownFileType = text.json; path = Movie.json; sourceTree = "<group>"; };
		97D5563B1E4E933C00EAE6B0 /* MovieTableDatasource.swift */ = {isa = PBXFileReference; fileEncoding = 4; lastKnownFileType = sourcecode.swift; path = MovieTableDatasource.swift; sourceTree = "<group>"; };
		97D556401E4E983F00EAE6B0 /* Storyboard.swift */ = {isa = PBXFileReference; fileEncoding = 4; lastKnownFileType = sourcecode.swift; path = Storyboard.swift; sourceTree = "<group>"; };
		97D556421E4E988200EAE6B0 /* MovieViewCell.swift */ = {isa = PBXFileReference; fileEncoding = 4; lastKnownFileType = sourcecode.swift; path = MovieViewCell.swift; sourceTree = "<group>"; };
		97D556451E4E98AF00EAE6B0 /* MovieViewCell.xib */ = {isa = PBXFileReference; fileEncoding = 4; lastKnownFileType = file.xib; path = MovieViewCell.xib; sourceTree = "<group>"; };
		97D556471E4E9C0C00EAE6B0 /* UIImage+Kingfisher.swift */ = {isa = PBXFileReference; fileEncoding = 4; lastKnownFileType = sourcecode.swift; path = "UIImage+Kingfisher.swift"; sourceTree = "<group>"; };
		97D556491E4E9FE900EAE6B0 /* MovieViewController.swift */ = {isa = PBXFileReference; fileEncoding = 4; lastKnownFileType = sourcecode.swift; path = MovieViewController.swift; sourceTree = "<group>"; };
		97D5564C1E4EA36300EAE6B0 /* MovieNetworkModel.swift */ = {isa = PBXFileReference; fileEncoding = 4; lastKnownFileType = sourcecode.swift; path = MovieNetworkModel.swift; sourceTree = "<group>"; };
		97EC6A5D1E4F727800C1C358 /* MovieAPI.swift */ = {isa = PBXFileReference; fileEncoding = 4; lastKnownFileType = sourcecode.swift; path = MovieAPI.swift; sourceTree = "<group>"; };
		97EC6A611E4F8F6700C1C358 /* MovieDataManager.swift */ = {isa = PBXFileReference; fileEncoding = 4; lastKnownFileType = sourcecode.swift; path = MovieDataManager.swift; sourceTree = "<group>"; };
		97EC6A661E50B05D00C1C358 /* MyMovies.xcdatamodel */ = {isa = PBXFileReference; lastKnownFileType = wrapper.xcdatamodel; path = MyMovies.xcdatamodel; sourceTree = "<group>"; };
		97EC6A761E53710000C1C358 /* MovieModel.swift */ = {isa = PBXFileReference; fileEncoding = 4; lastKnownFileType = sourcecode.swift; path = MovieModel.swift; sourceTree = "<group>"; };
		97ED94411E4AADB300E610E0 /* MyMovies.app */ = {isa = PBXFileReference; explicitFileType = wrapper.application; includeInIndex = 0; path = MyMovies.app; sourceTree = BUILT_PRODUCTS_DIR; };
		97ED94441E4AADB300E610E0 /* AppDelegate.swift */ = {isa = PBXFileReference; lastKnownFileType = sourcecode.swift; path = AppDelegate.swift; sourceTree = "<group>"; };
		97ED94491E4AADB300E610E0 /* Base */ = {isa = PBXFileReference; lastKnownFileType = file.storyboard; name = Base; path = Base.lproj/Main.storyboard; sourceTree = "<group>"; };
		97ED944E1E4AADB400E610E0 /* Assets.xcassets */ = {isa = PBXFileReference; lastKnownFileType = folder.assetcatalog; path = Assets.xcassets; sourceTree = "<group>"; };
		97ED94511E4AADB400E610E0 /* Base */ = {isa = PBXFileReference; lastKnownFileType = file.storyboard; name = Base; path = Base.lproj/LaunchScreen.storyboard; sourceTree = "<group>"; };
		97ED94531E4AADB400E610E0 /* Info.plist */ = {isa = PBXFileReference; lastKnownFileType = text.plist.xml; path = Info.plist; sourceTree = "<group>"; };
		97ED945D1E4AAE7B00E610E0 /* MoviesViewController.swift */ = {isa = PBXFileReference; fileEncoding = 4; lastKnownFileType = sourcecode.swift; path = MoviesViewController.swift; sourceTree = "<group>"; };
		97ED945F1E4AAF7F00E610E0 /* MoviesTableViewDataSource.swift */ = {isa = PBXFileReference; fileEncoding = 4; lastKnownFileType = sourcecode.swift; path = MoviesTableViewDataSource.swift; sourceTree = "<group>"; };
		A9C4461806428E09E31E603B /* Pods-MyMovies.release.xcconfig */ = {isa = PBXFileReference; includeInIndex = 1; lastKnownFileType = text.xcconfig; name = "Pods-MyMovies.release.xcconfig"; path = "Pods/Target Support Files/Pods-MyMovies/Pods-MyMovies.release.xcconfig"; sourceTree = "<group>"; };
		D52BCAE189FB649874F8E527 /* Pods-MyMovies.debug.xcconfig */ = {isa = PBXFileReference; includeInIndex = 1; lastKnownFileType = text.xcconfig; name = "Pods-MyMovies.debug.xcconfig"; path = "Pods/Target Support Files/Pods-MyMovies/Pods-MyMovies.debug.xcconfig"; sourceTree = "<group>"; };
		DBDC7722F14C208780DD1715 /* Pods_MyMovies.framework */ = {isa = PBXFileReference; explicitFileType = wrapper.framework; includeInIndex = 0; path = Pods_MyMovies.framework; sourceTree = BUILT_PRODUCTS_DIR; };
/* End PBXFileReference section */

/* Begin PBXFrameworksBuildPhase section */
		97ED943E1E4AADB300E610E0 /* Frameworks */ = {
			isa = PBXFrameworksBuildPhase;
			buildActionMask = 2147483647;
			files = (
				8E0E5E783B9B8FF757319E16 /* Pods_MyMovies.framework in Frameworks */,
			);
			runOnlyForDeploymentPostprocessing = 0;
		};
/* End PBXFrameworksBuildPhase section */

/* Begin PBXGroup section */
		0E25AD8E53948C7875421F9F /* Frameworks */ = {
			isa = PBXGroup;
			children = (
				DBDC7722F14C208780DD1715 /* Pods_MyMovies.framework */,
			);
			name = Frameworks;
			sourceTree = "<group>";
		};
		97D556311E4E768E00EAE6B0 /* Models */ = {
			isa = PBXGroup;
			children = (
				97EC6A761E53710000C1C358 /* MovieModel.swift */,
			);
			path = Models;
			sourceTree = "<group>";
		};
		97D556361E4E7A6800EAE6B0 /* Stubbbed Response */ = {
			isa = PBXGroup;
			children = (
				97D556371E4E7ABD00EAE6B0 /* Movie.json */,
			);
			path = "Stubbbed Response";
			sourceTree = "<group>";
		};
		97D5563E1E4E978900EAE6B0 /* Resources */ = {
			isa = PBXGroup;
			children = (
				977F8C5F1E53FFA900C4FEA1 /* ApperanceHelper+Colors.swift */,
				97ED944E1E4AADB400E610E0 /* Assets.xcassets */,
				97D556471E4E9C0C00EAE6B0 /* UIImage+Kingfisher.swift */,
			);
			path = Resources;
			sourceTree = "<group>";
		};
		97D5563F1E4E97D400EAE6B0 /* AppDelegate */ = {
			isa = PBXGroup;
			children = (
				97ED94441E4AADB300E610E0 /* AppDelegate.swift */,
			);
			path = AppDelegate;
			sourceTree = "<group>";
		};
		97D556441E4E989B00EAE6B0 /* Xibs */ = {
			isa = PBXGroup;
			children = (
				97D556451E4E98AF00EAE6B0 /* MovieViewCell.xib */,
			);
			path = Xibs;
			sourceTree = "<group>";
		};
		97D5564B1E4EA34E00EAE6B0 /* ViewModels */ = {
			isa = PBXGroup;
			children = (
				97D5564C1E4EA36300EAE6B0 /* MovieNetworkModel.swift */,
			);
			path = ViewModels;
			sourceTree = "<group>";
		};
		97EC6A601E4F8F5400C1C358 /* DataBase */ = {
			isa = PBXGroup;
			children = (
				97EC6A611E4F8F6700C1C358 /* MovieDataManager.swift */,
				97EC6A651E50B05D00C1C358 /* MyMovies.xcdatamodeld */,
			);
			path = DataBase;
			sourceTree = "<group>";
		};
		97ED94381E4AADB300E610E0 = {
			isa = PBXGroup;
			children = (
				0E25AD8E53948C7875421F9F /* Frameworks */,
				97ED94431E4AADB300E610E0 /* MyMovies */,
				BBA617C17BC3010AFD0FDD25 /* Pods */,
				97ED94421E4AADB300E610E0 /* Products */,
			);
			sourceTree = "<group>";
		};
		97ED94421E4AADB300E610E0 /* Products */ = {
			isa = PBXGroup;
			children = (
				97ED94411E4AADB300E610E0 /* MyMovies.app */,
			);
			name = Products;
			sourceTree = "<group>";
		};
		97ED94431E4AADB300E610E0 /* MyMovies */ = {
			isa = PBXGroup;
			children = (
				97D5563F1E4E97D400EAE6B0 /* AppDelegate */,
				97ED945A1E4AADDC00E610E0 /* Cells */,
				97ED94591E4AADD000E610E0 /* Controllers */,
				97EC6A601E4F8F5400C1C358 /* DataBase */,
				97ED945C1E4AAE0400E610E0 /* Datasource */,
				97D556311E4E768E00EAE6B0 /* Models */,
				97ED94611E4BEE8000E610E0 /* Network */,
				97D5563E1E4E978900EAE6B0 /* Resources */,
				97ED945B1E4AADE700E610E0 /* Storyboards */,
				97D556361E4E7A6800EAE6B0 /* Stubbbed Response */,
				97D5564B1E4EA34E00EAE6B0 /* ViewModels */,
				97ED94531E4AADB400E610E0 /* Info.plist */,
			);
			path = MyMovies;
			sourceTree = "<group>";
		};
		97ED94591E4AADD000E610E0 /* Controllers */ = {
			isa = PBXGroup;
			children = (
				97D556491E4E9FE900EAE6B0 /* MovieViewController.swift */,
				97ED945D1E4AAE7B00E610E0 /* MoviesViewController.swift */,
			);
			path = Controllers;
			sourceTree = "<group>";
		};
		97ED945A1E4AADDC00E610E0 /* Cells */ = {
			isa = PBXGroup;
			children = (
				97D556441E4E989B00EAE6B0 /* Xibs */,
				97D556421E4E988200EAE6B0 /* MovieViewCell.swift */,
			);
			path = Cells;
			sourceTree = "<group>";
		};
		97ED945B1E4AADE700E610E0 /* Storyboards */ = {
			isa = PBXGroup;
			children = (
				97ED94501E4AADB400E610E0 /* LaunchScreen.storyboard */,
				97ED94481E4AADB300E610E0 /* Main.storyboard */,
				97D556401E4E983F00EAE6B0 /* Storyboard.swift */,
			);
			path = Storyboards;
			sourceTree = "<group>";
		};
		97ED945C1E4AAE0400E610E0 /* Datasource */ = {
			isa = PBXGroup;
			children = (
				97D5563B1E4E933C00EAE6B0 /* MovieTableDatasource.swift */,
				97ED945F1E4AAF7F00E610E0 /* MoviesTableViewDataSource.swift */,
			);
			path = Datasource;
			sourceTree = "<group>";
		};
		97ED94611E4BEE8000E610E0 /* Network */ = {
			isa = PBXGroup;
			children = (
				97EC6A5D1E4F727800C1C358 /* MovieAPI.swift */,
				97D5562C1E4D661C00EAE6B0 /* Networking.swift */,
			);
			path = Network;
			sourceTree = "<group>";
		};
		BBA617C17BC3010AFD0FDD25 /* Pods */ = {
			isa = PBXGroup;
			children = (
				D52BCAE189FB649874F8E527 /* Pods-MyMovies.debug.xcconfig */,
				A9C4461806428E09E31E603B /* Pods-MyMovies.release.xcconfig */,
			);
			name = Pods;
			sourceTree = "<group>";
		};
/* End PBXGroup section */

/* Begin PBXNativeTarget section */
		97ED94401E4AADB300E610E0 /* MyMovies */ = {
			isa = PBXNativeTarget;
			buildConfigurationList = 97ED94561E4AADB400E610E0 /* Build configuration list for PBXNativeTarget "MyMovies" */;
			buildPhases = (
				902B97873BFAA6CF5BABA335 /* [CP] Check Pods Manifest.lock */,
				97ED943D1E4AADB300E610E0 /* Sources */,
				97ED943E1E4AADB300E610E0 /* Frameworks */,
				97ED943F1E4AADB300E610E0 /* Resources */,
				5F04342437294C35D0A139C6 /* [CP] Embed Pods Frameworks */,
				1B00A1DE2F0499950755B8DD /* [CP] Copy Pods Resources */,
			);
			buildRules = (
			);
			dependencies = (
			);
			name = MyMovies;
			productName = MyMovies;
			productReference = 97ED94411E4AADB300E610E0 /* MyMovies.app */;
			productType = "com.apple.product-type.application";
		};
/* End PBXNativeTarget section */

/* Begin PBXProject section */
		97ED94391E4AADB300E610E0 /* Project object */ = {
			isa = PBXProject;
			attributes = {
				LastSwiftUpdateCheck = 0830;
				LastUpgradeCheck = 0830;
				ORGANIZATIONNAME = "Douglas Taquary";
				TargetAttributes = {
					97ED94401E4AADB300E610E0 = {
						CreatedOnToolsVersion = 8.3;
						ProvisioningStyle = Manual;
					};
				};
			};
			buildConfigurationList = 97ED943C1E4AADB300E610E0 /* Build configuration list for PBXProject "MyMovies" */;
			compatibilityVersion = "Xcode 3.2";
			developmentRegion = English;
			hasScannedForEncodings = 0;
			knownRegions = (
				en,
				Base,
			);
			mainGroup = 97ED94381E4AADB300E610E0;
			productRefGroup = 97ED94421E4AADB300E610E0 /* Products */;
			projectDirPath = "";
			projectRoot = "";
			targets = (
				97ED94401E4AADB300E610E0 /* MyMovies */,
			);
		};
/* End PBXProject section */

/* Begin PBXResourcesBuildPhase section */
		97ED943F1E4AADB300E610E0 /* Resources */ = {
			isa = PBXResourcesBuildPhase;
			buildActionMask = 2147483647;
			files = (
				97ED94521E4AADB400E610E0 /* LaunchScreen.storyboard in Resources */,
				97ED944F1E4AADB400E610E0 /* Assets.xcassets in Resources */,
				97D556381E4E7ABD00EAE6B0 /* Movie.json in Resources */,
				97ED944A1E4AADB300E610E0 /* Main.storyboard in Resources */,
				97D556461E4E98AF00EAE6B0 /* MovieViewCell.xib in Resources */,
			);
			runOnlyForDeploymentPostprocessing = 0;
		};
/* End PBXResourcesBuildPhase section */

/* Begin PBXShellScriptBuildPhase section */
		1B00A1DE2F0499950755B8DD /* [CP] Copy Pods Resources */ = {
			isa = PBXShellScriptBuildPhase;
			buildActionMask = 2147483647;
			files = (
			);
			inputPaths = (
			);
			name = "[CP] Copy Pods Resources";
			outputPaths = (
			);
			runOnlyForDeploymentPostprocessing = 0;
			shellPath = /bin/sh;
			shellScript = "\"${SRCROOT}/Pods/Target Support Files/Pods-MyMovies/Pods-MyMovies-resources.sh\"\n";
			showEnvVarsInLog = 0;
		};
		5F04342437294C35D0A139C6 /* [CP] Embed Pods Frameworks */ = {
			isa = PBXShellScriptBuildPhase;
			buildActionMask = 2147483647;
			files = (
			);
			inputPaths = (
			);
			name = "[CP] Embed Pods Frameworks";
			outputPaths = (
			);
			runOnlyForDeploymentPostprocessing = 0;
			shellPath = /bin/sh;
			shellScript = "\"${SRCROOT}/Pods/Target Support Files/Pods-MyMovies/Pods-MyMovies-frameworks.sh\"\n";
			showEnvVarsInLog = 0;
		};
		902B97873BFAA6CF5BABA335 /* [CP] Check Pods Manifest.lock */ = {
			isa = PBXShellScriptBuildPhase;
			buildActionMask = 2147483647;
			files = (
			);
			inputPaths = (
			);
			name = "[CP] Check Pods Manifest.lock";
			outputPaths = (
			);
			runOnlyForDeploymentPostprocessing = 0;
			shellPath = /bin/sh;
			shellScript = "diff \"${PODS_ROOT}/../Podfile.lock\" \"${PODS_ROOT}/Manifest.lock\" > /dev/null\nif [ $? != 0 ] ; then\n    # print error to STDERR\n    echo \"error: The sandbox is not in sync with the Podfile.lock. Run 'pod install' or update your CocoaPods installation.\" >&2\n    exit 1\nfi\n";
			showEnvVarsInLog = 0;
		};
/* End PBXShellScriptBuildPhase section */

/* Begin PBXSourcesBuildPhase section */
		97ED943D1E4AADB300E610E0 /* Sources */ = {
			isa = PBXSourcesBuildPhase;
			buildActionMask = 2147483647;
			files = (
				97ED94601E4AAF7F00E610E0 /* MoviesTableViewDataSource.swift in Sources */,
				97D556431E4E988200EAE6B0 /* MovieViewCell.swift in Sources */,
				97EC6A671E50B05D00C1C358 /* MyMovies.xcdatamodeld in Sources */,
				97D556481E4E9C0C00EAE6B0 /* UIImage+Kingfisher.swift in Sources */,
				97EC6A771E53710000C1C358 /* MovieModel.swift in Sources */,
				97EC6A5E1E4F727800C1C358 /* MovieAPI.swift in Sources */,
				97D556411E4E983F00EAE6B0 /* Storyboard.swift in Sources */,
				97ED94451E4AADB300E610E0 /* AppDelegate.swift in Sources */,
				97ED945E1E4AAE7B00E610E0 /* MoviesViewController.swift in Sources */,
				97D5563C1E4E933C00EAE6B0 /* MovieTableDatasource.swift in Sources */,
				97D5564A1E4E9FE900EAE6B0 /* MovieViewController.swift in Sources */,
				97EC6A621E4F8F6700C1C358 /* MovieDataManager.swift in Sources */,
				97D5562D1E4D661C00EAE6B0 /* Networking.swift in Sources */,
				97D5564D1E4EA36300EAE6B0 /* MovieNetworkModel.swift in Sources */,
				977F8C601E53FFA900C4FEA1 /* ApperanceHelper+Colors.swift in Sources */,
			);
			runOnlyForDeploymentPostprocessing = 0;
		};
/* End PBXSourcesBuildPhase section */

/* Begin PBXVariantGroup section */
		97ED94481E4AADB300E610E0 /* Main.storyboard */ = {
			isa = PBXVariantGroup;
			children = (
				97ED94491E4AADB300E610E0 /* Base */,
			);
			name = Main.storyboard;
			path = .;
			sourceTree = "<group>";
		};
		97ED94501E4AADB400E610E0 /* LaunchScreen.storyboard */ = {
			isa = PBXVariantGroup;
			children = (
				97ED94511E4AADB400E610E0 /* Base */,
			);
			name = LaunchScreen.storyboard;
			path = .;
			sourceTree = "<group>";
		};
/* End PBXVariantGroup section */

/* Begin XCBuildConfiguration section */
		97ED94541E4AADB400E610E0 /* Debug */ = {
			isa = XCBuildConfiguration;
			buildSettings = {
				ALWAYS_SEARCH_USER_PATHS = NO;
				CLANG_ANALYZER_NONNULL = YES;
				CLANG_ANALYZER_NUMBER_OBJECT_CONVERSION = YES_AGGRESSIVE;
				CLANG_CXX_LANGUAGE_STANDARD = "gnu++0x";
				CLANG_CXX_LIBRARY = "libc++";
				CLANG_ENABLE_MODULES = YES;
				CLANG_ENABLE_OBJC_ARC = YES;
				CLANG_WARN_BOOL_CONVERSION = YES;
				CLANG_WARN_CONSTANT_CONVERSION = YES;
				CLANG_WARN_DIRECT_OBJC_ISA_USAGE = YES_ERROR;
				CLANG_WARN_DOCUMENTATION_COMMENTS = YES;
				CLANG_WARN_EMPTY_BODY = YES;
				CLANG_WARN_ENUM_CONVERSION = YES;
				CLANG_WARN_INFINITE_RECURSION = YES;
				CLANG_WARN_INT_CONVERSION = YES;
				CLANG_WARN_OBJC_ROOT_CLASS = YES_ERROR;
				CLANG_WARN_SUSPICIOUS_MOVE = YES;
				CLANG_WARN_UNREACHABLE_CODE = YES;
				CLANG_WARN__DUPLICATE_METHOD_MATCH = YES;
				"CODE_SIGN_IDENTITY[sdk=iphoneos*]" = "iPhone Developer";
				COPY_PHASE_STRIP = NO;
				DEBUG_INFORMATION_FORMAT = dwarf;
				ENABLE_STRICT_OBJC_MSGSEND = YES;
				ENABLE_TESTABILITY = YES;
				GCC_C_LANGUAGE_STANDARD = gnu99;
				GCC_DYNAMIC_NO_PIC = NO;
				GCC_NO_COMMON_BLOCKS = YES;
				GCC_OPTIMIZATION_LEVEL = 0;
				GCC_PREPROCESSOR_DEFINITIONS = (
					"DEBUG=1",
					"$(inherited)",
				);
				GCC_WARN_64_TO_32_BIT_CONVERSION = YES;
				GCC_WARN_ABOUT_RETURN_TYPE = YES_ERROR;
				GCC_WARN_UNDECLARED_SELECTOR = YES;
				GCC_WARN_UNINITIALIZED_AUTOS = YES_AGGRESSIVE;
				GCC_WARN_UNUSED_FUNCTION = YES;
				GCC_WARN_UNUSED_VARIABLE = YES;
				IPHONEOS_DEPLOYMENT_TARGET = 10.3;
				MTL_ENABLE_DEBUG_INFO = YES;
				ONLY_ACTIVE_ARCH = YES;
				SDKROOT = iphoneos;
				SWIFT_ACTIVE_COMPILATION_CONDITIONS = DEBUG;
				SWIFT_OPTIMIZATION_LEVEL = "-Onone";
				TARGETED_DEVICE_FAMILY = "1,2";
			};
			name = Debug;
		};
		97ED94551E4AADB400E610E0 /* Release */ = {
			isa = XCBuildConfiguration;
			buildSettings = {
				ALWAYS_SEARCH_USER_PATHS = NO;
				CLANG_ANALYZER_NONNULL = YES;
				CLANG_ANALYZER_NUMBER_OBJECT_CONVERSION = YES_AGGRESSIVE;
				CLANG_CXX_LANGUAGE_STANDARD = "gnu++0x";
				CLANG_CXX_LIBRARY = "libc++";
				CLANG_ENABLE_MODULES = YES;
				CLANG_ENABLE_OBJC_ARC = YES;
				CLANG_WARN_BOOL_CONVERSION = YES;
				CLANG_WARN_CONSTANT_CONVERSION = YES;
				CLANG_WARN_DIRECT_OBJC_ISA_USAGE = YES_ERROR;
				CLANG_WARN_DOCUMENTATION_COMMENTS = YES;
				CLANG_WARN_EMPTY_BODY = YES;
				CLANG_WARN_ENUM_CONVERSION = YES;
				CLANG_WARN_INFINITE_RECURSION = YES;
				CLANG_WARN_INT_CONVERSION = YES;
				CLANG_WARN_OBJC_ROOT_CLASS = YES_ERROR;
				CLANG_WARN_SUSPICIOUS_MOVE = YES;
				CLANG_WARN_UNREACHABLE_CODE = YES;
				CLANG_WARN__DUPLICATE_METHOD_MATCH = YES;
				"CODE_SIGN_IDENTITY[sdk=iphoneos*]" = "iPhone Developer";
				COPY_PHASE_STRIP = NO;
				DEBUG_INFORMATION_FORMAT = "dwarf-with-dsym";
				ENABLE_NS_ASSERTIONS = NO;
				ENABLE_STRICT_OBJC_MSGSEND = YES;
				GCC_C_LANGUAGE_STANDARD = gnu99;
				GCC_NO_COMMON_BLOCKS = YES;
				GCC_WARN_64_TO_32_BIT_CONVERSION = YES;
				GCC_WARN_ABOUT_RETURN_TYPE = YES_ERROR;
				GCC_WARN_UNDECLARED_SELECTOR = YES;
				GCC_WARN_UNINITIALIZED_AUTOS = YES_AGGRESSIVE;
				GCC_WARN_UNUSED_FUNCTION = YES;
				GCC_WARN_UNUSED_VARIABLE = YES;
				IPHONEOS_DEPLOYMENT_TARGET = 10.3;
				MTL_ENABLE_DEBUG_INFO = NO;
				SDKROOT = iphoneos;
				SWIFT_OPTIMIZATION_LEVEL = "-Owholemodule";
				TARGETED_DEVICE_FAMILY = "1,2";
				VALIDATE_PRODUCT = YES;
			};
			name = Release;
		};
		97ED94571E4AADB400E610E0 /* Debug */ = {
			isa = XCBuildConfiguration;
			baseConfigurationReference = D52BCAE189FB649874F8E527 /* Pods-MyMovies.debug.xcconfig */;
			buildSettings = {
				ALWAYS_EMBED_SWIFT_STANDARD_LIBRARIES = YES;
				ASSETCATALOG_COMPILER_APPICON_NAME = AppIcon;
				DEVELOPMENT_TEAM = "";
				INFOPLIST_FILE = MyMovies/Info.plist;
				LD_RUNPATH_SEARCH_PATHS = "$(inherited) @executable_path/Frameworks";
				PRODUCT_BUNDLE_IDENTIFIER = com.douglastaquary.mobilelabs.MyMovies;
				PRODUCT_NAME = "$(TARGET_NAME)";
				PROVISIONING_PROFILE_SPECIFIER = "";
				SWIFT_VERSION = 3.0;
			};
			name = Debug;
		};
		97ED94581E4AADB400E610E0 /* Release */ = {
			isa = XCBuildConfiguration;
			baseConfigurationReference = A9C4461806428E09E31E603B /* Pods-MyMovies.release.xcconfig */;
			buildSettings = {
				ALWAYS_EMBED_SWIFT_STANDARD_LIBRARIES = YES;
				ASSETCATALOG_COMPILER_APPICON_NAME = AppIcon;
				DEVELOPMENT_TEAM = "";
				INFOPLIST_FILE = MyMovies/Info.plist;
				LD_RUNPATH_SEARCH_PATHS = "$(inherited) @executable_path/Frameworks";
				PRODUCT_BUNDLE_IDENTIFIER = com.douglastaquary.mobilelabs.MyMovies;
				PRODUCT_NAME = "$(TARGET_NAME)";
				PROVISIONING_PROFILE_SPECIFIER = "";
				SWIFT_VERSION = 3.0;
			};
			name = Release;
		};
/* End XCBuildConfiguration section */

/* Begin XCConfigurationList section */
		97ED943C1E4AADB300E610E0 /* Build configuration list for PBXProject "MyMovies" */ = {
			isa = XCConfigurationList;
			buildConfigurations = (
				97ED94541E4AADB400E610E0 /* Debug */,
				97ED94551E4AADB400E610E0 /* Release */,
			);
			defaultConfigurationIsVisible = 0;
			defaultConfigurationName = Release;
		};
		97ED94561E4AADB400E610E0 /* Build configuration list for PBXNativeTarget "MyMovies" */ = {
			isa = XCConfigurationList;
			buildConfigurations = (
				97ED94571E4AADB400E610E0 /* Debug */,
				97ED94581E4AADB400E610E0 /* Release */,
			);
			defaultConfigurationIsVisible = 0;
			defaultConfigurationName = Release;
		};
/* End XCConfigurationList section */

/* Begin XCVersionGroup section */
		97EC6A651E50B05D00C1C358 /* MyMovies.xcdatamodeld */ = {
			isa = XCVersionGroup;
			children = (
				97EC6A661E50B05D00C1C358 /* MyMovies.xcdatamodel */,
			);
			currentVersion = 97EC6A661E50B05D00C1C358 /* MyMovies.xcdatamodel */;
			path = MyMovies.xcdatamodeld;
			sourceTree = "<group>";
			versionGroupType = wrapper.xcdatamodel;
		};
/* End XCVersionGroup section */
	};
	rootObject = 97ED94391E4AADB300E610E0 /* Project object */;
}
